<?xml version="1.0" encoding="UTF-8" standalone="yes" ?>
<CodeBlocks_project_file>
	<FileVersion major="1" minor="6" />
	<Project>
		<Option title="LexicalAnalyzerGenerator(Phase_1)" />
		<Option pch_mode="2" />
		<Option compiler="gcc" />
		<Build>
			<Target title="Debug">
				<Option output="bin/Debug/LexicalAnalyzerGenerator(Phase_1)" prefix_auto="1" extension_auto="1" />
				<Option object_output="obj/Debug/" />
				<Option type="1" />
				<Option compiler="gcc" />
				<Compiler>
					<Add option="-g" />
				</Compiler>
			</Target>
			<Target title="Release">
				<Option output="bin/Release/LexicalAnalyzerGenerator(Phase_1)" prefix_auto="1" extension_auto="1" />
				<Option object_output="obj/Release/" />
				<Option type="1" />
				<Option compiler="gcc" />
				<Compiler>
					<Add option="-O2" />
				</Compiler>
				<Linker>
					<Add option="-s" />
				</Linker>
			</Target>
		</Build>
		<Compiler>
			<Add option="-Wall" />
			<Add option="-fexceptions" />
		</Compiler>
		<Linker>
			<Add directory="include" />
		</Linker>
		<Unit filename="main.cpp" />
		<Unit filename="src/Constants.h" />
		<Unit filename="src/DFA.cpp" />
		<Unit filename="src/DFA.h" />
		<Unit filename="src/DFAEdge.cpp" />
		<Unit filename="src/DFAEdge.h" />
		<Unit filename="src/DFAState.cpp" />
		<Unit filename="src/DFAState.h" />
		<Unit filename="src/Edge.cpp" />
		<Unit filename="src/Edge.h" />
		<Unit filename="src/Expression.cpp" />
		<Unit filename="src/Expression.h" />
		<Unit filename="src/LexicalAnalyzer.cpp" />
		<Unit filename="src/LexicalAnalyzer.h" />
		<Unit filename="src/LexicalAnalyzerGenerator.cpp" />
		<Unit filename="src/LexicalAnalyzerGenerator.h" />
		<Unit filename="src/NFA.cpp" />
		<Unit filename="src/NFA.h" />
		<Unit filename="src/Phase1.cpp" />
		<Unit filename="src/Phase1.h" />
		<Unit filename="src/RegDef.cpp" />
		<Unit filename="src/RegDef.h" />
		<Unit filename="src/RegEx.cpp" />
		<Unit filename="src/RegEx.h" />
		<Unit filename="src/RegExParser.cpp" />
		<Unit filename="src/RegExParser.h" />
		<Unit filename="src/State.cpp" />
		<Unit filename="src/State.h" />
		<Unit filename="src/SubGroup.cpp" />
		<Unit filename="src/SubGroup.h" />
		<Unit filename="src/Token.cpp" />
		<Unit filename="src/Token.h" />
		<Unit filename="src/TokenClass.cpp" />
		<Unit filename="src/TokenClass.h" />
		<Extensions>
			<code_completion />
			<debugger />
		</Extensions>
	</Project>
</CodeBlocks_project_file>
